
Microsoft Visual Studio Solution File, Format Version 12.00
# Visual Studio Version 17
VisualStudioVersion = 17.1.32421.90
MinimumVisualStudioVersion = 10.0.40219.1
Project("{FAE04EC0-301F-11D3-BF4B-00C04F79EFBC}") = "MenuDrivenEmployeeApp", "MenuDrivenEmployeeApp\MenuDrivenEmployeeApp.csproj", "{B737EDBD-F114-4F60-836E-CAE66328365B}"
EndProject
Global
	GlobalSection(SolutionConfigurationPlatforms) = preSolution
		Debug|Any CPU = Debug|Any CPU
		Release|Any CPU = Release|Any CPU
	EndGlobalSection
	GlobalSection(ProjectConfigurationPlatforms) = postSolution
		{B737EDBD-F114-4F60-836E-CAE66328365B}.Debug|Any CPU.ActiveCfg = Debug|Any CPU
		{B737EDBD-F114-4F60-836E-CAE66328365B}.Debug|Any CPU.Build.0 = Debug|Any CPU
		{B737EDBD-F114-4F60-836E-CAE66328365B}.Release|Any CPU.ActiveCfg = Release|Any CPU
		{B737EDBD-F114-4F60-836E-CAE66328365B}.Release|Any CPU.Build.0 = Release|Any CPU
	EndGlobalSection
	GlobalSection(SolutionProperties) = preSolution
		HideSolutionNode = FALSE
	EndGlobalSection
	GlobalSection(ExtensibilityGlobals) = postSolution
		SolutionGuid = {F5B60CF6-260F-49F4-BC57-79649684D485}
	EndGlobalSection
EndGlobal
